
Microsoft Visual Studio Solution File, Format Version 12.00
# Visual Studio Version 17
VisualStudioVersion = 17.9.34701.34
MinimumVisualStudioVersion = 10.0.40219.1
Project("{FAE04EC0-301F-11D3-BF4B-00C04F79EFBC}") = "ExamenP1", "ExamenP1\ExamenP1.csproj", "{1A778EFB-4DB3-460C-9777-62AC5C30F9B1}"
EndProject
Global
	GlobalSection(SolutionConfigurationPlatforms) = preSolution
		Debug|Any CPU = Debug|Any CPU
		Release|Any CPU = Release|Any CPU
	EndGlobalSection
	GlobalSection(ProjectConfigurationPlatforms) = postSolution
		{1A778EFB-4DB3-460C-9777-62AC5C30F9B1}.Debug|Any CPU.ActiveCfg = Debug|Any CPU
		{1A778EFB-4DB3-460C-9777-62AC5C30F9B1}.Debug|Any CPU.Build.0 = Debug|Any CPU
		{1A778EFB-4DB3-460C-9777-62AC5C30F9B1}.Release|Any CPU.ActiveCfg = Release|Any CPU
		{1A778EFB-4DB3-460C-9777-62AC5C30F9B1}.Release|Any CPU.Build.0 = Release|Any CPU
	EndGlobalSection
	GlobalSection(SolutionProperties) = preSolution
		HideSolutionNode = FALSE
	EndGlobalSection
	GlobalSection(ExtensibilityGlobals) = postSolution
		SolutionGuid = {3E55A9C4-70FE-4928-9A79-8A45D8F5E862}
	EndGlobalSection
EndGlobal
